
Microsoft Visual Studio Solution File, Format Version 12.00
# Visual Studio Version 17
VisualStudioVersion = 17.13.35919.96 d17.13
MinimumVisualStudioVersion = 10.0.40219.1
Project("{FAE04EC0-301F-11D3-BF4B-00C04F79EFBC}") = "FlowControlExercise2Lexicon", "FlowControlExercise2Lexicon\FlowControlExercise2Lexicon.csproj", "{5C8A8E52-B5F8-424B-AF9C-227C67DFE4EE}"
EndProject
Global
	GlobalSection(SolutionConfigurationPlatforms) = preSolution
		Debug|Any CPU = Debug|Any CPU
		Release|Any CPU = Release|Any CPU
	EndGlobalSection
	GlobalSection(ProjectConfigurationPlatforms) = postSolution
		{5C8A8E52-B5F8-424B-AF9C-227C67DFE4EE}.Debug|Any CPU.ActiveCfg = Debug|Any CPU
		{5C8A8E52-B5F8-424B-AF9C-227C67DFE4EE}.Debug|Any CPU.Build.0 = Debug|Any CPU
		{5C8A8E52-B5F8-424B-AF9C-227C67DFE4EE}.Release|Any CPU.ActiveCfg = Release|Any CPU
		{5C8A8E52-B5F8-424B-AF9C-227C67DFE4EE}.Release|Any CPU.Build.0 = Release|Any CPU
	EndGlobalSection
	GlobalSection(SolutionProperties) = preSolution
		HideSolutionNode = FALSE
	EndGlobalSection
	GlobalSection(ExtensibilityGlobals) = postSolution
		SolutionGuid = {8303FCD4-26D4-4A9C-882D-067ABD40481A}
	EndGlobalSection
EndGlobal
